
Microsoft Visual Studio Solution File, Format Version 12.00
# Visual Studio Version 16
VisualStudioVersion = 16.0.30611.23
MinimumVisualStudioVersion = 10.0.40219.1
Project("{FAE04EC0-301F-11D3-BF4B-00C04F79EFBC}") = "Pinzar_Catalin_BugApp", "Pinzar_Catalin_BugApp.csproj", "{EDB92A8F-046C-4A9B-9989-55CDF7983830}"
EndProject
Global
	GlobalSection(SolutionConfigurationPlatforms) = preSolution
		Debug|Any CPU = Debug|Any CPU
		Release|Any CPU = Release|Any CPU
	EndGlobalSection
	GlobalSection(ProjectConfigurationPlatforms) = postSolution
		{EDB92A8F-046C-4A9B-9989-55CDF7983830}.Debug|Any CPU.ActiveCfg = Debug|Any CPU
		{EDB92A8F-046C-4A9B-9989-55CDF7983830}.Debug|Any CPU.Build.0 = Debug|Any CPU
		{EDB92A8F-046C-4A9B-9989-55CDF7983830}.Release|Any CPU.ActiveCfg = Release|Any CPU
		{EDB92A8F-046C-4A9B-9989-55CDF7983830}.Release|Any CPU.Build.0 = Release|Any CPU
	EndGlobalSection
	GlobalSection(SolutionProperties) = preSolution
		HideSolutionNode = FALSE
	EndGlobalSection
	GlobalSection(ExtensibilityGlobals) = postSolution
		SolutionGuid = {6D95923A-BCF4-4675-9420-0FBC36569201}
	EndGlobalSection
EndGlobal
